// !$*UTF8*$!
{
	archiveVersion = 1;
	classes = {
	};
	objectVersion = 50;
	objects = {

/* Begin PBXBuildFile section */
		EBF021712765E73F0030BDD9 /* kikenyochi20211212App.swift in Sources */ = {isa = PBXBuildFile; fileRef = EBF021702765E73F0030BDD9 /* kikenyochi20211212App.swift */; };
		EBF021732765E73F0030BDD9 /* ContentView.swift in Sources */ = {isa = PBXBuildFile; fileRef = EBF021722765E73F0030BDD9 /* ContentView.swift */; };
		EBF021752765E7400030BDD9 /* Assets.xcassets in Resources */ = {isa = PBXBuildFile; fileRef = EBF021742765E7400030BDD9 /* Assets.xcassets */; };
		EBF021782765E7400030BDD9 /* Preview Assets.xcassets in Resources */ = {isa = PBXBuildFile; fileRef = EBF021772765E7400030BDD9 /* Preview Assets.xcassets */; };
		EBF021802765E8830030BDD9 /* DATA.swift in Sources */ = {isa = PBXBuildFile; fileRef = EBF0217F2765E8830030BDD9 /* DATA.swift */; };
/* End PBXBuildFile section */

/* Begin PBXFileReference section */
		EBF0216D2765E73F0030BDD9 /* kikenyochi20211212.app */ = {isa = PBXFileReference; explicitFileType = wrapper.application; includeInIndex = 0; path = kikenyochi20211212.app; sourceTree = BUILT_PRODUCTS_DIR; };
		EBF021702765E73F0030BDD9 /* kikenyochi20211212App.swift */ = {isa = PBXFileReference; lastKnownFileType = sourcecode.swift; path = kikenyochi20211212App.swift; sourceTree = "<group>"; };
		EBF021722765E73F0030BDD9 /* ContentView.swift */ = {isa = PBXFileReference; lastKnownFileType = sourcecode.swift; path = ContentView.swift; sourceTree = "<group>"; };
		EBF021742765E7400030BDD9 /* Assets.xcassets */ = {isa = PBXFileReference; lastKnownFileType = folder.assetcatalog; path = Assets.xcassets; sourceTree = "<group>"; };
		EBF021772765E7400030BDD9 /* Preview Assets.xcassets */ = {isa = PBXFileReference; lastKnownFileType = folder.assetcatalog; path = "Preview Assets.xcassets"; sourceTree = "<group>"; };
		EBF021792765E7400030BDD9 /* Info.plist */ = {isa = PBXFileReference; lastKnownFileType = text.plist.xml; path = Info.plist; sourceTree = "<group>"; };
		EBF0217F2765E8830030BDD9 /* DATA.swift */ = {isa = PBXFileReference; lastKnownFileType = sourcecode.swift; path = DATA.swift; sourceTree = "<group>"; };
/* End PBXFileReference section */

/* Begin PBXFrameworksBuildPhase section */
		EBF0216A2765E73F0030BDD9 /* Frameworks */ = {
			isa = PBXFrameworksBuildPhase;
			buildActionMask = 2147483647;
			files = (
			);
			runOnlyForDeploymentPostprocessing = 0;
		};
/* End PBXFrameworksBuildPhase section */

/* Begin PBXGroup section */
		EBF021642765E73F0030BDD9 = {
			isa = PBXGroup;
			children = (
				EBF0216F2765E73F0030BDD9 /* kikenyochi20211212 */,
				EBF0216E2765E73F0030BDD9 /* Products */,
			);
			sourceTree = "<group>";
		};
		EBF0216E2765E73F0030BDD9 /* Products */ = {
			isa = PBXGroup;
			children = (
				EBF0216D2765E73F0030BDD9 /* kikenyochi20211212.app */,
			);
			name = Products;
			sourceTree = "<group>";
		};
		EBF0216F2765E73F0030BDD9 /* kikenyochi20211212 */ = {
			isa = PBXGroup;
			children = (
				EBF021702765E73F0030BDD9 /* kikenyochi20211212App.swift */,
				EBF021722765E73F0030BDD9 /* ContentView.swift */,
				EBF0217F2765E8830030BDD9 /* DATA.swift */,
				EBF021742765E7400030BDD9 /* Assets.xcassets */,
				EBF021792765E7400030BDD9 /* Info.plist */,
				EBF021762765E7400030BDD9 /* Preview Content */,
			);
			path = kikenyochi20211212;
			sourceTree = "<group>";
		};
		EBF021762765E7400030BDD9 /* Preview Content */ = {
			isa = PBXGroup;
			children = (
				EBF021772765E7400030BDD9 /* Preview Assets.xcassets */,
			);
			path = "Preview Content";
			sourceTree = "<group>";
		};
/* End PBXGroup section */

/* Begin PBXNativeTarget section */
		EBF0216C2765E73F0030BDD9 /* kikenyochi20211212 */ = {
			isa = PBXNativeTarget;
			buildConfigurationList = EBF0217C2765E7400030BDD9 /* Build configuration list for PBXNativeTarget "kikenyochi20211212" */;
			buildPhases = (
				EBF021692765E73F0030BDD9 /* Sources */,
				EBF0216A2765E73F0030BDD9 /* Frameworks */,
				EBF0216B2765E73F0030BDD9 /* Resources */,
			);
			buildRules = (
			);
			dependencies = (
			);
			name = kikenyochi20211212;
			productName = kikenyochi20211212;
			productReference = EBF0216D2765E73F0030BDD9 /* kikenyochi20211212.app */;
			productType = "com.apple.product-type.application";
		};
/* End PBXNativeTarget section */

/* Begin PBXProject section */
		EBF021652765E73F0030BDD9 /* Project object */ = {
			isa = PBXProject;
			attributes = {
				LastSwiftUpdateCheck = 1250;
				LastUpgradeCheck = 1250;
				TargetAttributes = {
					EBF0216C2765E73F0030BDD9 = {
						CreatedOnToolsVersion = 12.5;
					};
				};
			};
			buildConfigurationList = EBF021682765E73F0030BDD9 /* Build configuration list for PBXProject "kikenyochi20211212" */;
			compatibilityVersion = "Xcode 9.3";
			developmentRegion = en;
			hasScannedForEncodings = 0;
			knownRegions = (
				en,
				Base,
			);
			mainGroup = EBF021642765E73F0030BDD9;
			productRefGroup = EBF0216E2765E73F0030BDD9 /* Products */;
			projectDirPath = "";
			projectRoot = "";
			targets = (
				EBF0216C2765E73F0030BDD9 /* kikenyochi20211212 */,
			);
		};
/* End PBXProject section */

/* Begin PBXResourcesBuildPhase section */
		EBF0216B2765E73F0030BDD9 /* Resources */ = {
			isa = PBXResourcesBuildPhase;
			buildActionMask = 2147483647;
			files = (
				EBF021782765E7400030BDD9 /* Preview Assets.xcassets in Resources */,
				EBF021752765E7400030BDD9 /* Assets.xcassets in Resources */,
			);
			runOnlyForDeploymentPostprocessing = 0;
		};
/* End PBXResourcesBuildPhase section */

/* Begin PBXSourcesBuildPhase section */
		EBF021692765E73F0030BDD9 /* Sources */ = {
			isa = PBXSourcesBuildPhase;
			buildActionMask = 2147483647;
			files = (
				EBF021732765E73F0030BDD9 /* ContentView.swift in Sources */,
				EBF021712765E73F0030BDD9 /* kikenyochi20211212App.swift in Sources */,
				EBF021802765E8830030BDD9 /* DATA.swift in Sources */,
			);
			runOnlyForDeploymentPostprocessing = 0;
		};
/* End PBXSourcesBuildPhase section */

/* Begin XCBuildConfiguration section */
		EBF0217A2765E7400030BDD9 /* Debug */ = {
			isa = XCBuildConfiguration;
			buildSettings = {
				ALWAYS_SEARCH_USER_PATHS = NO;
				CLANG_ANALYZER_NONNULL = YES;
				CLANG_ANALYZER_NUMBER_OBJECT_CONVERSION = YES_AGGRESSIVE;
				CLANG_CXX_LANGUAGE_STANDARD = "gnu++14";
				CLANG_CXX_LIBRARY = "libc++";
				CLANG_ENABLE_MODULES = YES;
				CLANG_ENABLE_OBJC_ARC = YES;
				CLANG_ENABLE_OBJC_WEAK = YES;
				CLANG_WARN_BLOCK_CAPTURE_AUTORELEASING = YES;
				CLANG_WARN_BOOL_CONVERSION = YES;
				CLANG_WARN_COMMA = YES;
				CLANG_WARN_CONSTANT_CONVERSION = YES;
				CLANG_WARN_DEPRECATED_OBJC_IMPLEMENTATIONS = YES;
				CLANG_WARN_DIRECT_OBJC_ISA_USAGE = YES_ERROR;
				CLANG_WARN_DOCUMENTATION_COMMENTS = YES;
				CLANG_WARN_EMPTY_BODY = YES;
				CLANG_WARN_ENUM_CONVERSION = YES;
				CLANG_WARN_INFINITE_RECURSION = YES;
				CLANG_WARN_INT_CONVERSION = YES;
				CLANG_WARN_NON_LITERAL_NULL_CONVERSION = YES;
				CLANG_WARN_OBJC_IMPLICIT_RETAIN_SELF = YES;
				CLANG_WARN_OBJC_LITERAL_CONVERSION = YES;
				CLANG_WARN_OBJC_ROOT_CLASS = YES_ERROR;
				CLANG_WARN_QUOTED_INCLUDE_IN_FRAMEWORK_HEADER = YES;
				CLANG_WARN_RANGE_LOOP_ANALYSIS = YES;
				CLANG_WARN_STRICT_PROTOTYPES = YES;
				CLANG_WARN_SUSPICIOUS_MOVE = YES;
				CLANG_WARN_UNGUARDED_AVAILABILITY = YES_AGGRESSIVE;
				CLANG_WARN_UNREACHABLE_CODE = YES;
				CLANG_WARN__DUPLICATE_METHOD_MATCH = YES;
				COPY_PHASE_STRIP = NO;
				DEBUG_INFORMATION_FORMAT = dwarf;
				ENABLE_STRICT_OBJC_MSGSEND = YES;
				ENABLE_TESTABILITY = YES;
				GCC_C_LANGUAGE_STANDARD = gnu11;
				GCC_DYNAMIC_NO_PIC = NO;
				GCC_NO_COMMON_BLOCKS = YES;
				GCC_OPTIMIZATION_LEVEL = 0;
				GCC_PREPROCESSOR_DEFINITIONS = (
					"DEBUG=1",
					"$(inherited)",
				);
				GCC_WARN_64_TO_32_BIT_CONVERSION = YES;
				GCC_WARN_ABOUT_RETURN_TYPE = YES_ERROR;
				GCC_WARN_UNDECLARED_SELECTOR = YES;
				GCC_WARN_UNINITIALIZED_AUTOS = YES_AGGRESSIVE;
				GCC_WARN_UNUSED_FUNCTION = YES;
				GCC_WARN_UNUSED_VARIABLE = YES;
				IPHONEOS_DEPLOYMENT_TARGET = 14.1;
				MTL_ENABLE_DEBUG_INFO = INCLUDE_SOURCE;
				MTL_FAST_MATH = YES;
				ONLY_ACTIVE_ARCH = YES;
				SDKROOT = iphoneos;
				SWIFT_ACTIVE_COMPILATION_CONDITIONS = DEBUG;
				SWIFT_OPTIMIZATION_LEVEL = "-Onone";
			};
			name = Debug;
		};
		EBF0217B2765E7400030BDD9 /* Release */ = {
			isa = XCBuildConfiguration;
			buildSettings = {
				ALWAYS_SEARCH_USER_PATHS = NO;
				CLANG_ANALYZER_NONNULL = YES;
				CLANG_ANALYZER_NUMBER_OBJECT_CONVERSION = YES_AGGRESSIVE;
				CLANG_CXX_LANGUAGE_STANDARD = "gnu++14";
				CLANG_CXX_LIBRARY = "libc++";
				CLANG_ENABLE_MODULES = YES;
				CLANG_ENABLE_OBJC_ARC = YES;
				CLANG_ENABLE_OBJC_WEAK = YES;
				CLANG_WARN_BLOCK_CAPTURE_AUTORELEASING = YES;
				CLANG_WARN_BOOL_CONVERSION = YES;
				CLANG_WARN_COMMA = YES;
				CLANG_WARN_CONSTANT_CONVERSION = YES;
				CLANG_WARN_DEPRECATED_OBJC_IMPLEMENTATIONS = YES;
				CLANG_WARN_DIRECT_OBJC_ISA_USAGE = YES_ERROR;
				CLANG_WARN_DOCUMENTATION_COMMENTS = YES;
				CLANG_WARN_EMPTY_BODY = YES;
				CLANG_WARN_ENUM_CONVERSION = YES;
				CLANG_WARN_INFINITE_RECURSION = YES;
				CLANG_WARN_INT_CONVERSION = YES;
				CLANG_WARN_NON_LITERAL_NULL_CONVERSION = YES;
				CLANG_WARN_OBJC_IMPLICIT_RETAIN_SELF = YES;
				CLANG_WARN_OBJC_LITERAL_CONVERSION = YES;
				CLANG_WARN_OBJC_ROOT_CLASS = YES_ERROR;
				CLANG_WARN_QUOTED_INCLUDE_IN_FRAMEWORK_HEADER = YES;
				CLANG_WARN_RANGE_LOOP_ANALYSIS = YES;
				CLANG_WARN_STRICT_PROTOTYPES = YES;
				CLANG_WARN_SUSPICIOUS_MOVE = YES;
				CLANG_WARN_UNGUARDED_AVAILABILITY = YES_AGGRESSIVE;
				CLANG_WARN_UNREACHABLE_CODE = YES;
				CLANG_WARN__DUPLICATE_METHOD_MATCH = YES;
				COPY_PHASE_STRIP = NO;
				DEBUG_INFORMATION_FORMAT = "dwarf-with-dsym";
				ENABLE_NS_ASSERTIONS = NO;
				ENABLE_STRICT_OBJC_MSGSEND = YES;
				GCC_C_LANGUAGE_STANDARD = gnu11;
				GCC_NO_COMMON_BLOCKS = YES;
				GCC_WARN_64_TO_32_BIT_CONVERSION = YES;
				GCC_WARN_ABOUT_RETURN_TYPE = YES_ERROR;
				GCC_WARN_UNDECLARED_SELECTOR = YES;
				GCC_WARN_UNINITIALIZED_AUTOS = YES_AGGRESSIVE;
				GCC_WARN_UNUSED_FUNCTION = YES;
				GCC_WARN_UNUSED_VARIABLE = YES;
				IPHONEOS_DEPLOYMENT_TARGET = 14.1;
				MTL_ENABLE_DEBUG_INFO = NO;
				MTL_FAST_MATH = YES;
				SDKROOT = iphoneos;
				SWIFT_COMPILATION_MODE = wholemodule;
				SWIFT_OPTIMIZATION_LEVEL = "-O";
				VALIDATE_PRODUCT = YES;
			};
			name = Release;
		};
		EBF0217D2765E7400030BDD9 /* Debug */ = {
			isa = XCBuildConfiguration;
			buildSettings = {
				ASSETCATALOG_COMPILER_APPICON_NAME = AppIcon;
				ASSETCATALOG_COMPILER_GLOBAL_ACCENT_COLOR_NAME = AccentColor;
				CODE_SIGN_STYLE = Automatic;
				DEVELOPMENT_ASSET_PATHS = "\"kikenyochi20211212/Preview Content\"";
				DEVELOPMENT_TEAM = EYSYK49KTW;
				ENABLE_PREVIEWS = YES;
				INFOPLIST_FILE = kikenyochi20211212/Info.plist;
				IPHONEOS_DEPLOYMENT_TARGET = 14.1;
				LD_RUNPATH_SEARCH_PATHS = (
					"$(inherited)",
					"@executable_path/Frameworks",
				);
				PRODUCT_BUNDLE_IDENTIFIER = jp.goemon.kikenyochi20211212;
				PRODUCT_NAME = "$(TARGET_NAME)";
				SWIFT_VERSION = 5.0;
				TARGETED_DEVICE_FAMILY = 2;
			};
			name = Debug;
		};
		EBF0217E2765E7400030BDD9 /* Release */ = {
			isa = XCBuildConfiguration;
			buildSettings = {
				ASSETCATALOG_COMPILER_APPICON_NAME = AppIcon;
				ASSETCATALOG_COMPILER_GLOBAL_ACCENT_COLOR_NAME = AccentColor;
				CODE_SIGN_STYLE = Automatic;
				DEVELOPMENT_ASSET_PATHS = "\"kikenyochi20211212/Preview Content\"";
				DEVELOPMENT_TEAM = EYSYK49KTW;
				ENABLE_PREVIEWS = YES;
				INFOPLIST_FILE = kikenyochi20211212/Info.plist;
				IPHONEOS_DEPLOYMENT_TARGET = 14.1;
				LD_RUNPATH_SEARCH_PATHS = (
					"$(inherited)",
					"@executable_path/Frameworks",
				);
				PRODUCT_BUNDLE_IDENTIFIER = jp.goemon.kikenyochi20211212;
				PRODUCT_NAME = "$(TARGET_NAME)";
				SWIFT_VERSION = 5.0;
				TARGETED_DEVICE_FAMILY = 2;
			};
			name = Release;
		};
/* End XCBuildConfiguration section */

/* Begin XCConfigurationList section */
		EBF021682765E73F0030BDD9 /* Build configuration list for PBXProject "kikenyochi20211212" */ = {
			isa = XCConfigurationList;
			buildConfigurations = (
				EBF0217A2765E7400030BDD9 /* Debug */,
				EBF0217B2765E7400030BDD9 /* Release */,
			);
			defaultConfigurationIsVisible = 0;
			defaultConfigurationName = Release;
		};
		EBF0217C2765E7400030BDD9 /* Build configuration list for PBXNativeTarget "kikenyochi20211212" */ = {
			isa = XCConfigurationList;
			buildConfigurations = (
				EBF0217D2765E7400030BDD9 /* Debug */,
				EBF0217E2765E7400030BDD9 /* Release */,
			);
			defaultConfigurationIsVisible = 0;
			defaultConfigurationName = Release;
		};
/* End XCConfigurationList section */
	};
	rootObject = EBF021652765E73F0030BDD9 /* Project object */;
}
